
Microsoft Visual Studio Solution File, Format Version 12.00
Project("{FAE04EC0-301F-11D3-BF4B-00C04F79EFBC}") = "ThermoHammer.Api", "ThermoHammer.Api\ThermoHammer.Api.csproj", "{D8FADF70-64F2-406D-A003-2B24EBB3B0EF}"
EndProject
Project("{FAE04EC0-301F-11D3-BF4B-00C04F79EFBC}") = "ThermoHammer.Api.Tests", "ThermoHammer.Api.Tests\ThermoHammer.Api.Tests.csproj", "{4E62F04C-0785-4751-8B60-0451681CC8B6}"
EndProject
Global
	GlobalSection(SolutionConfigurationPlatforms) = preSolution
		Debug|Any CPU = Debug|Any CPU
		Debug|x64 = Debug|x64
		Debug|x86 = Debug|x86
		Release|Any CPU = Release|Any CPU
		Release|x64 = Release|x64
		Release|x86 = Release|x86
	EndGlobalSection
	GlobalSection(ProjectConfigurationPlatforms) = postSolution
		{D8FADF70-64F2-406D-A003-2B24EBB3B0EF}.Debug|Any CPU.ActiveCfg = Debug|Any CPU
		{D8FADF70-64F2-406D-A003-2B24EBB3B0EF}.Debug|Any CPU.Build.0 = Debug|Any CPU
		{D8FADF70-64F2-406D-A003-2B24EBB3B0EF}.Debug|x64.ActiveCfg = Debug|Any CPU
		{D8FADF70-64F2-406D-A003-2B24EBB3B0EF}.Debug|x64.Build.0 = Debug|Any CPU
		{D8FADF70-64F2-406D-A003-2B24EBB3B0EF}.Debug|x86.ActiveCfg = Debug|Any CPU
		{D8FADF70-64F2-406D-A003-2B24EBB3B0EF}.Debug|x86.Build.0 = Debug|Any CPU
		{D8FADF70-64F2-406D-A003-2B24EBB3B0EF}.Release|Any CPU.ActiveCfg = Release|Any CPU
		{D8FADF70-64F2-406D-A003-2B24EBB3B0EF}.Release|Any CPU.Build.0 = Release|Any CPU
		{D8FADF70-64F2-406D-A003-2B24EBB3B0EF}.Release|x64.ActiveCfg = Release|Any CPU
		{D8FADF70-64F2-406D-A003-2B24EBB3B0EF}.Release|x64.Build.0 = Release|Any CPU
		{D8FADF70-64F2-406D-A003-2B24EBB3B0EF}.Release|x86.ActiveCfg = Release|Any CPU
		{D8FADF70-64F2-406D-A003-2B24EBB3B0EF}.Release|x86.Build.0 = Release|Any CPU
		{4E62F04C-0785-4751-8B60-0451681CC8B6}.Debug|Any CPU.ActiveCfg = Debug|Any CPU
		{4E62F04C-0785-4751-8B60-0451681CC8B6}.Debug|Any CPU.Build.0 = Debug|Any CPU
		{4E62F04C-0785-4751-8B60-0451681CC8B6}.Debug|x64.ActiveCfg = Debug|Any CPU
		{4E62F04C-0785-4751-8B60-0451681CC8B6}.Debug|x64.Build.0 = Debug|Any CPU
		{4E62F04C-0785-4751-8B60-0451681CC8B6}.Debug|x86.ActiveCfg = Debug|Any CPU
		{4E62F04C-0785-4751-8B60-0451681CC8B6}.Debug|x86.Build.0 = Debug|Any CPU
		{4E62F04C-0785-4751-8B60-0451681CC8B6}.Release|Any CPU.ActiveCfg = Release|Any CPU
		{4E62F04C-0785-4751-8B60-0451681CC8B6}.Release|Any CPU.Build.0 = Release|Any CPU
		{4E62F04C-0785-4751-8B60-0451681CC8B6}.Release|x64.ActiveCfg = Release|Any CPU
		{4E62F04C-0785-4751-8B60-0451681CC8B6}.Release|x64.Build.0 = Release|Any CPU
		{4E62F04C-0785-4751-8B60-0451681CC8B6}.Release|x86.ActiveCfg = Release|Any CPU
		{4E62F04C-0785-4751-8B60-0451681CC8B6}.Release|x86.Build.0 = Release|Any CPU
	EndGlobalSection
	GlobalSection(SolutionProperties) = preSolution
		HideSolutionNode = FALSE
	EndGlobalSection
EndGlobal
